version = 1
revision = 1
requires-python = ">=3.11"

[[package]]
name = "pyrocketmq"
version = "0.1.0"
source = { virtual = "." }
dependencies = [
    { name = "python-statemachine" },
]

[package.metadata]
requires-dist = [{ name = "python-statemachine", specifier = ">=2.5.0" }]

[[package]]
name = "python-statemachine"
version = "2.5.0"
source = { registry = "https://pypi.org/simple" }
sdist = { url = "https://files.pythonhosted.org/packages/45/91/4f05f3931d1e9b1df71b17dc08c43feddf2bed7dbf13f95323df2cc8e340/python_statemachine-2.5.0.tar.gz", hash = "sha256:ae88cd22e47930b92b983a2176e61d811e571b69897be2568ec812c2885fb93a", size = 403718 }
wheels = [
    { url = "https://files.pythonhosted.org/packages/bf/2d/1c95ebe84df60d630f8e855d1df2c66368805444ac167e9b50f29eabe917/python_statemachine-2.5.0-py3-none-any.whl", hash = "sha256:0ed53846802c17037fcb2a92323f4bc0c833290fa9d17a3587c50886c1541e62", size = 50415 },
]
